<Solution>
  <Project Path="RestApiDdd.Api.Tests/RestApiDdd.Api.Tests.csproj" />
  <Project Path="RestApiDdd.Api/RestApiDdd.Api.csproj" />
  <Project Path="RestApiDdd.Domain.Tests/RestApiDdd.Domain.Tests.csproj" />
  <Project Path="RestApiDdd.Domain/RestApiDdd.Domain.csproj" />
  <Project Path="RestApiDdd.Infrastructure/RestApiDdd.Infrastructure.csproj" />
  <Project Path="RestApiDdd.Service.Tests/RestApiDdd.Service.Tests.csproj" />
  <Project Path="RestApiDdd.Service/RestApiDdd.Service.csproj" />
</Solution>
